
Microsoft Visual Studio Solution File, Format Version 12.00
# Visual Studio Version 17
VisualStudioVersion = 17.4.33403.182
MinimumVisualStudioVersion = 10.0.40219.1
Project("{FAE04EC0-301F-11D3-BF4B-00C04F79EFBC}") = "CRUD1", "CRUD1\CRUD1.csproj", "{38A3F235-199A-461B-9DC5-4FA1C5027DBB}"
EndProject
Global
	GlobalSection(SolutionConfigurationPlatforms) = preSolution
		Debug|Any CPU = Debug|Any CPU
		Release|Any CPU = Release|Any CPU
	EndGlobalSection
	GlobalSection(ProjectConfigurationPlatforms) = postSolution
		{38A3F235-199A-461B-9DC5-4FA1C5027DBB}.Debug|Any CPU.ActiveCfg = Debug|Any CPU
		{38A3F235-199A-461B-9DC5-4FA1C5027DBB}.Debug|Any CPU.Build.0 = Debug|Any CPU
		{38A3F235-199A-461B-9DC5-4FA1C5027DBB}.Release|Any CPU.ActiveCfg = Release|Any CPU
		{38A3F235-199A-461B-9DC5-4FA1C5027DBB}.Release|Any CPU.Build.0 = Release|Any CPU
	EndGlobalSection
	GlobalSection(SolutionProperties) = preSolution
		HideSolutionNode = FALSE
	EndGlobalSection
	GlobalSection(ExtensibilityGlobals) = postSolution
		SolutionGuid = {21107942-5371-4053-A436-A2F58C883EEB}
	EndGlobalSection
EndGlobal
